
Microsoft Visual Studio Solution File, Format Version 12.00
# Visual Studio Version 16
VisualStudioVersion = 16.0.31205.134
MinimumVisualStudioVersion = 10.0.40219.1
Project("{2150E333-8FDC-42A3-9474-1A3956D46DE8}") = "Api", "Api", "{A9C68D1F-AED6-4C2F-B5DB-C44D48F63B7C}"
EndProject
Project("{2150E333-8FDC-42A3-9474-1A3956D46DE8}") = "Desktop", "Desktop", "{269DCF1B-E4F1-42D1-A4BC-6858665C512F}"
EndProject
Project("{FAE04EC0-301F-11D3-BF4B-00C04F79EFBC}") = "Oesia.Infrastructure", "Oesia.Infrastructure\Oesia.Infrastructure.csproj", "{866A9006-141A-4F73-8A06-E33DAB58A506}"
EndProject
Project("{FAE04EC0-301F-11D3-BF4B-00C04F79EFBC}") = "Oesia.Ioc", "Oesia.Ioc\Oesia.Ioc.csproj", "{FCB3B89B-A7AE-440D-8497-0EB0FC2395FA}"
EndProject
Project("{FAE04EC0-301F-11D3-BF4B-00C04F79EFBC}") = "Oesia.Repository", "Oesia.Repository\Oesia.Repository.csproj", "{C9B7EDCB-0769-4BD7-B2F5-92ABBB9151F7}"
EndProject
Project("{FAE04EC0-301F-11D3-BF4B-00C04F79EFBC}") = "Oesia.Service", "Oesia.Service\Oesia.Service.csproj", "{657B927F-2B38-4E67-961E-6E9D0D109239}"
EndProject
Project("{FAE04EC0-301F-11D3-BF4B-00C04F79EFBC}") = "Oesia.WebApi", "Oesia.WebApi\Oesia.WebApi.csproj", "{7C09680D-C2DB-40BB-B6FB-05392F275B2A}"
EndProject
Project("{FAE04EC0-301F-11D3-BF4B-00C04F79EFBC}") = "Oesia.Test", "Oesia.Test\Oesia.Test.csproj", "{63DFDD96-3036-4608-9B20-297B1B758AE5}"
EndProject
Project("{FAE04EC0-301F-11D3-BF4B-00C04F79EFBC}") = "Oesia.Domain", "Oesia.Domain\Oesia.Domain.csproj", "{D8F4A84C-7641-48F8-BBCF-C420E31A6643}"
EndProject
Global
	GlobalSection(SolutionConfigurationPlatforms) = preSolution
		Debug|Any CPU = Debug|Any CPU
		Release|Any CPU = Release|Any CPU
	EndGlobalSection
	GlobalSection(ProjectConfigurationPlatforms) = postSolution
		{866A9006-141A-4F73-8A06-E33DAB58A506}.Debug|Any CPU.ActiveCfg = Debug|Any CPU
		{866A9006-141A-4F73-8A06-E33DAB58A506}.Debug|Any CPU.Build.0 = Debug|Any CPU
		{866A9006-141A-4F73-8A06-E33DAB58A506}.Release|Any CPU.ActiveCfg = Release|Any CPU
		{866A9006-141A-4F73-8A06-E33DAB58A506}.Release|Any CPU.Build.0 = Release|Any CPU
		{FCB3B89B-A7AE-440D-8497-0EB0FC2395FA}.Debug|Any CPU.ActiveCfg = Debug|Any CPU
		{FCB3B89B-A7AE-440D-8497-0EB0FC2395FA}.Debug|Any CPU.Build.0 = Debug|Any CPU
		{FCB3B89B-A7AE-440D-8497-0EB0FC2395FA}.Release|Any CPU.ActiveCfg = Release|Any CPU
		{FCB3B89B-A7AE-440D-8497-0EB0FC2395FA}.Release|Any CPU.Build.0 = Release|Any CPU
		{C9B7EDCB-0769-4BD7-B2F5-92ABBB9151F7}.Debug|Any CPU.ActiveCfg = Debug|Any CPU
		{C9B7EDCB-0769-4BD7-B2F5-92ABBB9151F7}.Debug|Any CPU.Build.0 = Debug|Any CPU
		{C9B7EDCB-0769-4BD7-B2F5-92ABBB9151F7}.Release|Any CPU.ActiveCfg = Release|Any CPU
		{C9B7EDCB-0769-4BD7-B2F5-92ABBB9151F7}.Release|Any CPU.Build.0 = Release|Any CPU
		{657B927F-2B38-4E67-961E-6E9D0D109239}.Debug|Any CPU.ActiveCfg = Debug|Any CPU
		{657B927F-2B38-4E67-961E-6E9D0D109239}.Debug|Any CPU.Build.0 = Debug|Any CPU
		{657B927F-2B38-4E67-961E-6E9D0D109239}.Release|Any CPU.ActiveCfg = Release|Any CPU
		{657B927F-2B38-4E67-961E-6E9D0D109239}.Release|Any CPU.Build.0 = Release|Any CPU
		{7C09680D-C2DB-40BB-B6FB-05392F275B2A}.Debug|Any CPU.ActiveCfg = Debug|Any CPU
		{7C09680D-C2DB-40BB-B6FB-05392F275B2A}.Debug|Any CPU.Build.0 = Debug|Any CPU
		{7C09680D-C2DB-40BB-B6FB-05392F275B2A}.Release|Any CPU.ActiveCfg = Release|Any CPU
		{7C09680D-C2DB-40BB-B6FB-05392F275B2A}.Release|Any CPU.Build.0 = Release|Any CPU
		{63DFDD96-3036-4608-9B20-297B1B758AE5}.Debug|Any CPU.ActiveCfg = Debug|Any CPU
		{63DFDD96-3036-4608-9B20-297B1B758AE5}.Debug|Any CPU.Build.0 = Debug|Any CPU
		{63DFDD96-3036-4608-9B20-297B1B758AE5}.Release|Any CPU.ActiveCfg = Release|Any CPU
		{63DFDD96-3036-4608-9B20-297B1B758AE5}.Release|Any CPU.Build.0 = Release|Any CPU
		{D8F4A84C-7641-48F8-BBCF-C420E31A6643}.Debug|Any CPU.ActiveCfg = Debug|Any CPU
		{D8F4A84C-7641-48F8-BBCF-C420E31A6643}.Debug|Any CPU.Build.0 = Debug|Any CPU
		{D8F4A84C-7641-48F8-BBCF-C420E31A6643}.Release|Any CPU.ActiveCfg = Release|Any CPU
		{D8F4A84C-7641-48F8-BBCF-C420E31A6643}.Release|Any CPU.Build.0 = Release|Any CPU
	EndGlobalSection
	GlobalSection(SolutionProperties) = preSolution
		HideSolutionNode = FALSE
	EndGlobalSection
	GlobalSection(NestedProjects) = preSolution
		{866A9006-141A-4F73-8A06-E33DAB58A506} = {A9C68D1F-AED6-4C2F-B5DB-C44D48F63B7C}
		{FCB3B89B-A7AE-440D-8497-0EB0FC2395FA} = {A9C68D1F-AED6-4C2F-B5DB-C44D48F63B7C}
		{C9B7EDCB-0769-4BD7-B2F5-92ABBB9151F7} = {A9C68D1F-AED6-4C2F-B5DB-C44D48F63B7C}
		{657B927F-2B38-4E67-961E-6E9D0D109239} = {A9C68D1F-AED6-4C2F-B5DB-C44D48F63B7C}
		{7C09680D-C2DB-40BB-B6FB-05392F275B2A} = {A9C68D1F-AED6-4C2F-B5DB-C44D48F63B7C}
		{63DFDD96-3036-4608-9B20-297B1B758AE5} = {A9C68D1F-AED6-4C2F-B5DB-C44D48F63B7C}
		{D8F4A84C-7641-48F8-BBCF-C420E31A6643} = {A9C68D1F-AED6-4C2F-B5DB-C44D48F63B7C}
	EndGlobalSection
	GlobalSection(ExtensibilityGlobals) = postSolution
		SolutionGuid = {52F3AB89-EE89-446E-8B56-592C7B9273BB}
	EndGlobalSection
EndGlobal
